
Microsoft Visual Studio Solution File, Format Version 11.00
# Visual Studio 2010
Project("{FAE04EC0-301F-11D3-BF4B-00C04F79EFBC}") = "QPS", "QPS\QPS.csproj", "{A4277BB6-2C5A-4FAA-9E5B-4330B37268F5}"
EndProject
Project("{FAE04EC0-301F-11D3-BF4B-00C04F79EFBC}") = "QPS.NEW.DAL", "QPS.DAL\QPS.NEW.DAL.csproj", "{4153FD9A-1B23-424F-8AD5-E52BF92A2F93}"
EndProject
Project("{FAE04EC0-301F-11D3-BF4B-00C04F79EFBC}") = "QPS.NEW.BLL", "QPS.BLL\QPS.NEW.BLL.csproj", "{EEE2C269-4C00-46C1-B5D4-B26C3248BEDD}"
EndProject
Global
	GlobalSection(SolutionConfigurationPlatforms) = preSolution
		Debug|Any CPU = Debug|Any CPU
		Release|Any CPU = Release|Any CPU
	EndGlobalSection
	GlobalSection(ProjectConfigurationPlatforms) = postSolution
		{A4277BB6-2C5A-4FAA-9E5B-4330B37268F5}.Debug|Any CPU.ActiveCfg = Debug|Any CPU
		{A4277BB6-2C5A-4FAA-9E5B-4330B37268F5}.Debug|Any CPU.Build.0 = Debug|Any CPU
		{A4277BB6-2C5A-4FAA-9E5B-4330B37268F5}.Release|Any CPU.ActiveCfg = Release|Any CPU
		{A4277BB6-2C5A-4FAA-9E5B-4330B37268F5}.Release|Any CPU.Build.0 = Release|Any CPU
		{4153FD9A-1B23-424F-8AD5-E52BF92A2F93}.Debug|Any CPU.ActiveCfg = Debug|Any CPU
		{4153FD9A-1B23-424F-8AD5-E52BF92A2F93}.Debug|Any CPU.Build.0 = Debug|Any CPU
		{4153FD9A-1B23-424F-8AD5-E52BF92A2F93}.Release|Any CPU.ActiveCfg = Release|Any CPU
		{4153FD9A-1B23-424F-8AD5-E52BF92A2F93}.Release|Any CPU.Build.0 = Release|Any CPU
		{EEE2C269-4C00-46C1-B5D4-B26C3248BEDD}.Debug|Any CPU.ActiveCfg = Debug|Any CPU
		{EEE2C269-4C00-46C1-B5D4-B26C3248BEDD}.Debug|Any CPU.Build.0 = Debug|Any CPU
		{EEE2C269-4C00-46C1-B5D4-B26C3248BEDD}.Release|Any CPU.ActiveCfg = Release|Any CPU
		{EEE2C269-4C00-46C1-B5D4-B26C3248BEDD}.Release|Any CPU.Build.0 = Release|Any CPU
	EndGlobalSection
	GlobalSection(SolutionProperties) = preSolution
		HideSolutionNode = FALSE
	EndGlobalSection
EndGlobal
