<?xml version="1.0" encoding="utf-8"?>
<Project ToolsVersion="4.0" xmlns="http://schemas.microsoft.com/developer/msbuild/2003">
  <ItemGroup>
    <Filter Include="源文件">
      <UniqueIdentifier>{e830c6b6-9146-471a-9cef-e4339be25ad5}</UniqueIdentifier>
      <Extensions>cpp;c;cxx;def;odl;idl;hpj;bat;asm</Extensions>
    </Filter>
    <Filter Include="头文件">
      <UniqueIdentifier>{b1012e6f-92e7-43d8-82aa-1855b0ccd55e}</UniqueIdentifier>
      <Extensions>h;hpp;hxx;hm;inl;inc</Extensions>
    </Filter>
    <Filter Include="资源文件">
      <UniqueIdentifier>{764e7c77-06ec-4e83-a5a1-add73c487725}</UniqueIdentifier>
      <Extensions>rc;ico;cur;bmp;dlg;rc2;rct;bin;rgs;jpg;jpeg;jpe;manifest</Extensions>
    </Filter>
    <Filter Include="网页部分">
      <UniqueIdentifier>{fb45d14b-a02d-4ab0-80d3-303c5329262f}</UniqueIdentifier>
    </Filter>
  </ItemGroup>
  <ItemGroup>
    <ClCompile Include="AddRoomDialog.cpp">
      <Filter>源文件</Filter>
    </ClCompile>
    <ClCompile Include="AFCLoader.cpp">
      <Filter>源文件</Filter>
    </ClCompile>
    <ClCompile Include="ChildView.cpp">
      <Filter>源文件</Filter>
    </ClCompile>
    <ClCompile Include="GameSelect.cpp">
      <Filter>源文件</Filter>
    </ClCompile>
    <ClCompile Include="GameSelectData.cpp">
      <Filter>源文件</Filter>
    </ClCompile>
    <ClCompile Include="MainFrm.cpp">
      <Filter>源文件</Filter>
    </ClCompile>
    <ClCompile Include="RegKeyDlg.cpp">
      <Filter>源文件</Filter>
    </ClCompile>
    <ClCompile Include="ServiceControl.cpp">
      <Filter>源文件</Filter>
    </ClCompile>
    <ClCompile Include="ServiceManage.cpp">
      <Filter>源文件</Filter>
    </ClCompile>
    <ClCompile Include="SetupDialog.cpp">
      <Filter>源文件</Filter>
    </ClCompile>
    <ClCompile Include="stdafx.cpp">
      <Filter>源文件</Filter>
    </ClCompile>
    <ClCompile Include="TrayIcon.cpp">
      <Filter>源文件</Filter>
    </ClCompile>
  </ItemGroup>
  <ItemGroup>
    <ClInclude Include="AddRoomDialog.h">
      <Filter>头文件</Filter>
    </ClInclude>
    <ClInclude Include="AFCLoader.h">
      <Filter>头文件</Filter>
    </ClInclude>
    <ClInclude Include="ChildView.h">
      <Filter>头文件</Filter>
    </ClInclude>
    <ClInclude Include="GameSelect.h">
      <Filter>头文件</Filter>
    </ClInclude>
    <ClInclude Include="MainFrm.h">
      <Filter>头文件</Filter>
    </ClInclude>
    <ClInclude Include="RegKeyDlg.h">
      <Filter>头文件</Filter>
    </ClInclude>
    <ClInclude Include="Resource.h">
      <Filter>头文件</Filter>
    </ClInclude>
    <ClInclude Include="ServiceControl.h">
      <Filter>头文件</Filter>
    </ClInclude>
    <ClInclude Include="ServiceManage.h">
      <Filter>头文件</Filter>
    </ClInclude>
    <ClInclude Include="SetupDialog.h">
      <Filter>头文件</Filter>
    </ClInclude>
    <ClInclude Include="stdafx.h">
      <Filter>头文件</Filter>
    </ClInclude>
    <ClInclude Include="TrayIcon.h">
      <Filter>头文件</Filter>
    </ClInclude>
  </ItemGroup>
  <ItemGroup>
    <None Include="res\AFCLoader.ico">
      <Filter>资源文件</Filter>
    </None>
    <None Include="res\AFCLoader.rc2">
      <Filter>资源文件</Filter>
    </None>
    <None Include="res\START.ico">
      <Filter>资源文件</Filter>
    </None>
    <None Include="res\STOP.ico">
      <Filter>资源文件</Filter>
    </None>
  </ItemGroup>
  <ItemGroup>
    <ResourceCompile Include="AFCLoader.rc">
      <Filter>资源文件</Filter>
    </ResourceCompile>
  </ItemGroup>
  <ItemGroup>
    <CustomBuildStep Include="res\AFCLoader.manifest">
      <Filter>资源文件</Filter>
    </CustomBuildStep>
  </ItemGroup>
</Project>