<?xml version="1.0" encoding="utf-8"?>
<Project ToolsVersion="4.0" xmlns="http://schemas.microsoft.com/developer/msbuild/2003">
  <ItemGroup>
    <Filter Include="源文件">
      <UniqueIdentifier>{03d0ca0e-4181-4a86-ac2e-a9c5dfc6f86e}</UniqueIdentifier>
      <Extensions>cpp;c;cxx;def;odl;idl;hpj;bat;asm</Extensions>
    </Filter>
    <Filter Include="头文件">
      <UniqueIdentifier>{d3fbe5fd-e8df-4d0f-814d-2e17ab72ff95}</UniqueIdentifier>
      <Extensions>h;hpp;hxx;hm;inl;inc</Extensions>
    </Filter>
    <Filter Include="资源文件">
      <UniqueIdentifier>{39662df0-11bd-430a-bdbb-a388a8594268}</UniqueIdentifier>
      <Extensions>rc;ico;cur;bmp;dlg;rc2;rct;bin;rgs;gif;jpg;jpeg;jpe</Extensions>
    </Filter>
  </ItemGroup>
  <ItemGroup>
    <ClCompile Include="AFCComDllEx.cpp">
      <Filter>源文件</Filter>
    </ClCompile>
    <ClCompile Include="AFCDataBase.cpp">
      <Filter>源文件</Filter>
    </ClCompile>
    <ClCompile Include="AFCException.cpp">
      <Filter>源文件</Filter>
    </ClCompile>
    <ClCompile Include="AFCLock.cpp">
      <Filter>源文件</Filter>
    </ClCompile>
    <ClCompile Include="AFCSocket.cpp">
      <Filter>源文件</Filter>
    </ClCompile>
    <ClCompile Include="DataLine.cpp">
      <Filter>源文件</Filter>
    </ClCompile>
    <ClCompile Include="MainManage.cpp">
      <Filter>源文件</Filter>
    </ClCompile>
    <ClCompile Include="MainManageForZ.cpp">
      <Filter>源文件</Filter>
    </ClCompile>
    <ClCompile Include="MD5.cpp">
      <Filter>源文件</Filter>
    </ClCompile>
    <ClCompile Include="ProcessManage.cpp">
      <Filter>源文件</Filter>
    </ClCompile>
    <ClCompile Include="SocketInit.cpp">
      <Filter>源文件</Filter>
    </ClCompile>
    <ClCompile Include="stdafx.cpp">
      <Filter>源文件</Filter>
    </ClCompile>
    <ClCompile Include="..\Common\WriteLog.cpp">
      <Filter>源文件</Filter>
    </ClCompile>
  </ItemGroup>
  <ItemGroup>
    <None Include="AFCComDllEx.def">
      <Filter>源文件</Filter>
    </None>
    <None Include="res\AFCComDllEx.rc2">
      <Filter>资源文件</Filter>
    </None>
    <None Include="ReadMe.txt" />
  </ItemGroup>
  <ItemGroup>
    <ClInclude Include="..\..\..\sdk\include\ServerCommon\AFCDataBase.h">
      <Filter>头文件</Filter>
    </ClInclude>
    <ClInclude Include="..\..\..\sdk\include\ServerCommon\AFCException.h">
      <Filter>头文件</Filter>
    </ClInclude>
    <ClInclude Include="..\..\..\sdk\include\ServerCommon\AFCFunction.h">
      <Filter>头文件</Filter>
    </ClInclude>
    <ClInclude Include="..\..\..\sdk\include\ServerCommon\AFCInterface.h">
      <Filter>头文件</Filter>
    </ClInclude>
    <ClInclude Include="..\..\..\sdk\include\ServerCommon\AFCLock.h">
      <Filter>头文件</Filter>
    </ClInclude>
    <ClInclude Include="..\..\..\sdk\include\ServerCommon\AFCPtrArray.h">
      <Filter>头文件</Filter>
    </ClInclude>
    <ClInclude Include="..\..\..\sdk\include\ServerCommon\AFCSocket.h">
      <Filter>头文件</Filter>
    </ClInclude>
    <ClInclude Include="..\..\..\sdk\include\common\basemessage.h">
      <Filter>头文件</Filter>
    </ClInclude>
    <ClInclude Include="..\..\..\sdk\include\common\cfgengine.h">
      <Filter>头文件</Filter>
    </ClInclude>
    <ClInclude Include="..\..\..\sdk\include\common\CommonUse.h">
      <Filter>头文件</Filter>
    </ClInclude>
    <ClInclude Include="..\..\..\sdk\include\common\comstruct.h">
      <Filter>头文件</Filter>
    </ClInclude>
    <ClInclude Include="..\..\..\sdk\include\ServerCommon\DataLine.h">
      <Filter>头文件</Filter>
    </ClInclude>
    <ClInclude Include="..\..\..\sdk\include\ServerCommon\GameDesk.h">
      <Filter>头文件</Filter>
    </ClInclude>
    <ClInclude Include="..\..\..\sdk\include\ServerCommon\GameMainManage.h">
      <Filter>头文件</Filter>
    </ClInclude>
    <ClInclude Include="..\..\..\sdk\include\common\gameplacemessage.h">
      <Filter>头文件</Filter>
    </ClInclude>
    <ClInclude Include="..\..\..\SDK\include\ServerCommon\GameRoomLogonDT.h">
      <Filter>头文件</Filter>
    </ClInclude>
    <ClInclude Include="..\..\..\sdk\include\common\gameroommessage.h">
      <Filter>头文件</Filter>
    </ClInclude>
    <ClInclude Include="..\..\..\sdk\include\common\IMMessage.h">
      <Filter>头文件</Filter>
    </ClInclude>
    <ClInclude Include="..\..\..\sdk\include\ServerCommon\MainManage.h">
      <Filter>头文件</Filter>
    </ClInclude>
    <ClInclude Include="..\..\..\SDK\include\ServerCommon\MainManageForZ.h">
      <Filter>头文件</Filter>
    </ClInclude>
    <ClInclude Include="..\..\..\sdk\include\common\MD5.h">
      <Filter>头文件</Filter>
    </ClInclude>
    <ClInclude Include="ProcessManage.h">
      <Filter>头文件</Filter>
    </ClInclude>
    <ClInclude Include="..\..\..\sdk\include\ServerCommon\PropService.h">
      <Filter>头文件</Filter>
    </ClInclude>
    <ClInclude Include="..\..\..\sdk\include\ServerCommon\PublicDefine.h">
      <Filter>头文件</Filter>
    </ClInclude>
    <ClInclude Include="Resource.h">
      <Filter>头文件</Filter>
    </ClInclude>
    <ClInclude Include="SocketInit.h">
      <Filter>头文件</Filter>
    </ClInclude>
    <ClInclude Include="..\..\..\sdk\include\ServerCommon\SQLEngine.h">
      <Filter>头文件</Filter>
    </ClInclude>
    <ClInclude Include="Stdafx.h">
      <Filter>头文件</Filter>
    </ClInclude>
    <ClInclude Include="..\..\..\sdk\include\ServerCommon\TalkMessageFilter.h">
      <Filter>头文件</Filter>
    </ClInclude>
  </ItemGroup>
  <ItemGroup>
    <ResourceCompile Include="AFCComDllEx.rc">
      <Filter>资源文件</Filter>
    </ResourceCompile>
  </ItemGroup>
</Project>